
Microsoft Visual Studio Solution File, Format Version 12.00
# Visual Studio 2012
Project("{FAE04EC0-301F-11D3-BF4B-00C04F79EFBC}") = "ImagePicker", "ImagePicker\ImagePicker.csproj", "{5E6BA781-E002-4960-9F2F-625115FFCE67}"
EndProject
Global
	GlobalSection(SolutionConfigurationPlatforms) = preSolution
		Debug|Any CPU = Debug|Any CPU
		Release|Any CPU = Release|Any CPU
	EndGlobalSection
	GlobalSection(ProjectConfigurationPlatforms) = postSolution
		{5E6BA781-E002-4960-9F2F-625115FFCE67}.Debug|Any CPU.ActiveCfg = Debug|Any CPU
		{5E6BA781-E002-4960-9F2F-625115FFCE67}.Debug|Any CPU.Build.0 = Debug|Any CPU
		{5E6BA781-E002-4960-9F2F-625115FFCE67}.Release|Any CPU.ActiveCfg = Release|Any CPU
		{5E6BA781-E002-4960-9F2F-625115FFCE67}.Release|Any CPU.Build.0 = Release|Any CPU
	EndGlobalSection
	GlobalSection(SolutionProperties) = preSolution
		HideSolutionNode = FALSE
	EndGlobalSection
EndGlobal
